
Microsoft Visual Studio Solution File, Format Version 12.00
# Visual Studio 15
VisualStudioVersion = 15.0.28307.489
MinimumVisualStudioVersion = 10.0.40219.1
Project("{FAE04EC0-301F-11D3-BF4B-00C04F79EFBC}") = "CommentDownloader", "CommentDownloader\CommentDownloader.csproj", "{E7F25B3C-631D-4935-9FA7-C4E8265DFE39}"
EndProject
Global
	GlobalSection(SolutionConfigurationPlatforms) = preSolution
		Debug|Any CPU = Debug|Any CPU
		Release|Any CPU = Release|Any CPU
	EndGlobalSection
	GlobalSection(ProjectConfigurationPlatforms) = postSolution
		{E7F25B3C-631D-4935-9FA7-C4E8265DFE39}.Debug|Any CPU.ActiveCfg = Debug|Any CPU
		{E7F25B3C-631D-4935-9FA7-C4E8265DFE39}.Debug|Any CPU.Build.0 = Debug|Any CPU
		{E7F25B3C-631D-4935-9FA7-C4E8265DFE39}.Release|Any CPU.ActiveCfg = Release|Any CPU
		{E7F25B3C-631D-4935-9FA7-C4E8265DFE39}.Release|Any CPU.Build.0 = Release|Any CPU
	EndGlobalSection
	GlobalSection(SolutionProperties) = preSolution
		HideSolutionNode = FALSE
	EndGlobalSection
	GlobalSection(ExtensibilityGlobals) = postSolution
		SolutionGuid = {555ED904-4F9F-4669-A743-7F5B10D35462}
	EndGlobalSection
EndGlobal
